
Microsoft Visual Studio Solution File, Format Version 12.00
# Visual Studio Version 17
VisualStudioVersion = 17.12.35309.182
MinimumVisualStudioVersion = 10.0.40219.1
Project("{FAE04EC0-301F-11D3-BF4B-00C04F79EFBC}") = "AnimalAPP", "AnimalAPP.csproj", "{4E1E8776-DD0E-45F4-878C-2137C31CD38E}"
EndProject
Global
	GlobalSection(SolutionConfigurationPlatforms) = preSolution
		Debug|Any CPU = Debug|Any CPU
		Release|Any CPU = Release|Any CPU
	EndGlobalSection
	GlobalSection(ProjectConfigurationPlatforms) = postSolution
		{4E1E8776-DD0E-45F4-878C-2137C31CD38E}.Debug|Any CPU.ActiveCfg = Debug|Any CPU
		{4E1E8776-DD0E-45F4-878C-2137C31CD38E}.Debug|Any CPU.Build.0 = Debug|Any CPU
		{4E1E8776-DD0E-45F4-878C-2137C31CD38E}.Debug|Any CPU.Deploy.0 = Debug|Any CPU
		{4E1E8776-DD0E-45F4-878C-2137C31CD38E}.Release|Any CPU.ActiveCfg = Release|Any CPU
		{4E1E8776-DD0E-45F4-878C-2137C31CD38E}.Release|Any CPU.Build.0 = Release|Any CPU
		{4E1E8776-DD0E-45F4-878C-2137C31CD38E}.Release|Any CPU.Deploy.0 = Release|Any CPU
	EndGlobalSection
	GlobalSection(SolutionProperties) = preSolution
		HideSolutionNode = FALSE
	EndGlobalSection
	GlobalSection(ExtensibilityGlobals) = postSolution
		SolutionGuid = {9A9BCBEB-E78F-4634-A0D4-004D67A6CC20}
	EndGlobalSection
EndGlobal
